schema: '2.0'
stages:
  get_data:
    cmd: python scripts/data.py
    deps:
    - path: scripts/data.py
      hash: md5
      md5: c96de781f2c7cb0ecea5917ad3c023f3
      size: 1557
    params:
      params.yaml:
        index_col: customer_id
    outs:
    - path: data/initial_data.csv
      hash: md5
      md5: 8431ac030d36e1e78fc7c814a5a29fa7
      size: 823051
  fit_model:
    cmd: python scripts/fit.py
    deps:
    - path: data/initial_data.csv
      hash: md5
      md5: 8431ac030d36e1e78fc7c814a5a29fa7
      size: 823051
    - path: scripts/fit.py
      hash: md5
      md5: 5c3f6dfcd6697dee96f7b37e77502fea
      size: 2500
    params:
      params.yaml:
        auto_class_weights: Balanced
        index_col: customer_id
        one_hot_drop: if_binary
        target_col: target
    outs:
    - path: models/fitted_model.pkl
      hash: md5
      md5: 63ca13e9e0d033b1a065e6fabc05197b
      size: 1100815
  evaluate_model:
    cmd: python scripts/evaluate.py
    deps:
    - path: models/fitted_model.pkl
      hash: md5
      md5: 63ca13e9e0d033b1a065e6fabc05197b
      size: 1100815
    - path: scripts/evaluate.py
      hash: md5
      md5: a1dae83d51ef55754284c36c80a07e3e
      size: 1287
    params:
      params.yaml:
        index_col: customer_id
        metrics:
        - f1
        - roc_auc
        n_jobs: -1
        n_splits: 5
        target_col: target
    outs:
    - path: cv_results/cv_res.json
      hash: md5
      md5: dc86d8c18ac4f1a20440eeeb18359368
      size: 691
