0d00bce45880e76a361fd7ce801173d3 schema: '2.0'
stages:
  get_data:
    cmd: python scripts/data.py
    deps:
    - path: scripts/data.py
      hash: md5
      md5: c96de781f2c7cb0ecea5917ad3c023f3
      size: 1557
    params:
      params.yaml:
        index_col: customer_id
        retrain: true
    outs:
    - path: data/initial_data.csv
      hash: md5
      md5: 8431ac030d36e1e78fc7c814a5a29fa7
      size: 823051
  fit_model:
    cmd: python scripts/fit.py
    deps:
    - path: data/initial_data.csv
      hash: md5
      md5: 8431ac030d36e1e78fc7c814a5a29fa7
      size: 823051
    - path: scripts/fit.py
      hash: md5
      md5: c258ce18cfe42818fb5026bd2545a1e9
      size: 4140
    params:
      params.yaml:
        auto_class_weights: Balanced
        index_col: customer_id
        model.C: 1
        model.penalty: l2
        one_hot_drop: if_binary
        preprocessing.categorical_encoder: onehot
        retrain: true
        target_col: target
    outs:
    - path: models/fitted_model.pkl
      hash: md5
      md5: 0d00bce45880e76a361fd7ce801173d3
      size: 9629
  evaluate_model:
    cmd: python scripts/evaluate.py
    deps:
    - path: models/fitted_model.pkl
      hash: md5
      md5: 0d00bce45880e76a361fd7ce801173d3
      size: 9629
    - path: scripts/evaluate.py
      hash: md5
      md5: 1c165f42679256f5270b4ec0b66bf78f
      size: 4452
    params:
      params.yaml:
        index_col: customer_id
        metrics:
        - f1
        - roc_auc
        n_jobs: -1
        n_splits: 5
        retrain: true
        target_col: target
    outs:
    - path: cv_results/cv_res.json
      hash: md5
      md5: 80d3b4b9b09e67c5e5bbc042e1c0ae7a
      size: 738
